# This file was generated by Aiken
# You typically do not need to edit this file

[[requirements]]
name = "Cardano-Fans/acca"
version = "4b777f402ed484699c3d2e2de62fe4308aab9b8a"
source = "github"

[[packages]]
name = "Cardano-Fans/acca"
version = "4b777f402ed484699c3d2e2de62fe4308aab9b8a"
requirements = []
source = "github"

[etags]
