# This file was generated by Aiken
# You typically do not need to edit this file

[[requirements]]
name = "Cardano-Fans/acca"
version = "038428f0a2b81c4013e69c65570b57781cae6a51"
source = "github"

[[packages]]
name = "Cardano-Fans/acca"
version = "038428f0a2b81c4013e69c65570b57781cae6a51"
requirements = []
source = "github"

[etags]
